
Microsoft Visual Studio Solution File, Format Version 12.00
# Visual Studio Version 17
VisualStudioVersion = 17.6.33712.159
MinimumVisualStudioVersion = 10.0.40219.1
Project("{FAE04EC0-301F-11D3-BF4B-00C04F79EFBC}") = "02_Exercicio", "02_Exercicio\02_Exercicio.csproj", "{DF381643-44F5-4D9A-95D1-05EBEFBC460E}"
EndProject
Global
	GlobalSection(SolutionConfigurationPlatforms) = preSolution
		Debug|Any CPU = Debug|Any CPU
		Release|Any CPU = Release|Any CPU
	EndGlobalSection
	GlobalSection(ProjectConfigurationPlatforms) = postSolution
		{DF381643-44F5-4D9A-95D1-05EBEFBC460E}.Debug|Any CPU.ActiveCfg = Debug|Any CPU
		{DF381643-44F5-4D9A-95D1-05EBEFBC460E}.Debug|Any CPU.Build.0 = Debug|Any CPU
		{DF381643-44F5-4D9A-95D1-05EBEFBC460E}.Release|Any CPU.ActiveCfg = Release|Any CPU
		{DF381643-44F5-4D9A-95D1-05EBEFBC460E}.Release|Any CPU.Build.0 = Release|Any CPU
	EndGlobalSection
	GlobalSection(SolutionProperties) = preSolution
		HideSolutionNode = FALSE
	EndGlobalSection
	GlobalSection(ExtensibilityGlobals) = postSolution
		SolutionGuid = {9DDBFFC8-793E-4E94-8F90-5101E9F50D78}
	EndGlobalSection
EndGlobal
