
Microsoft Visual Studio Solution File, Format Version 12.00
# Visual Studio Version 17
VisualStudioVersion = 17.6.33712.159
MinimumVisualStudioVersion = 10.0.40219.1
Project("{FAE04EC0-301F-11D3-BF4B-00C04F79EFBC}") = "01_Exercicio", "01_Exercicio\01_Exercicio.csproj", "{6FCAA27E-2658-418D-AC00-032D5E2D3792}"
EndProject
Global
	GlobalSection(SolutionConfigurationPlatforms) = preSolution
		Debug|Any CPU = Debug|Any CPU
		Release|Any CPU = Release|Any CPU
	EndGlobalSection
	GlobalSection(ProjectConfigurationPlatforms) = postSolution
		{6FCAA27E-2658-418D-AC00-032D5E2D3792}.Debug|Any CPU.ActiveCfg = Debug|Any CPU
		{6FCAA27E-2658-418D-AC00-032D5E2D3792}.Debug|Any CPU.Build.0 = Debug|Any CPU
		{6FCAA27E-2658-418D-AC00-032D5E2D3792}.Release|Any CPU.ActiveCfg = Release|Any CPU
		{6FCAA27E-2658-418D-AC00-032D5E2D3792}.Release|Any CPU.Build.0 = Release|Any CPU
	EndGlobalSection
	GlobalSection(SolutionProperties) = preSolution
		HideSolutionNode = FALSE
	EndGlobalSection
	GlobalSection(ExtensibilityGlobals) = postSolution
		SolutionGuid = {DDFE534E-8541-4B5D-93A7-B04396A90F26}
	EndGlobalSection
EndGlobal
