
Microsoft Visual Studio Solution File, Format Version 12.00
# Visual Studio Version 17
VisualStudioVersion = 17.6.33712.159
MinimumVisualStudioVersion = 10.0.40219.1
Project("{FAE04EC0-301F-11D3-BF4B-00C04F79EFBC}") = "01_Exercicio", "01_Exercicio\01_Exercicio.csproj", "{7D364A76-375D-466C-9483-38BE2317ED23}"
EndProject
Global
	GlobalSection(SolutionConfigurationPlatforms) = preSolution
		Debug|Any CPU = Debug|Any CPU
		Release|Any CPU = Release|Any CPU
	EndGlobalSection
	GlobalSection(ProjectConfigurationPlatforms) = postSolution
		{7D364A76-375D-466C-9483-38BE2317ED23}.Debug|Any CPU.ActiveCfg = Debug|Any CPU
		{7D364A76-375D-466C-9483-38BE2317ED23}.Debug|Any CPU.Build.0 = Debug|Any CPU
		{7D364A76-375D-466C-9483-38BE2317ED23}.Release|Any CPU.ActiveCfg = Release|Any CPU
		{7D364A76-375D-466C-9483-38BE2317ED23}.Release|Any CPU.Build.0 = Release|Any CPU
	EndGlobalSection
	GlobalSection(SolutionProperties) = preSolution
		HideSolutionNode = FALSE
	EndGlobalSection
	GlobalSection(ExtensibilityGlobals) = postSolution
		SolutionGuid = {ED16DA78-2032-4B25-BD75-2B4C9613AE58}
	EndGlobalSection
EndGlobal
